
Microsoft Visual Studio Solution File, Format Version 12.00
# Visual Studio Version 16
VisualStudioVersion = 16.0.30320.27
MinimumVisualStudioVersion = 10.0.40219.1
Project("{FAE04EC0-301F-11D3-BF4B-00C04F79EFBC}") = "tankiServer", "tankiServer.csproj", "{35E9EE75-2C65-423F-AD18-6568C6AF73D9}"
EndProject
Global
	GlobalSection(SolutionConfigurationPlatforms) = preSolution
		Debug|Any CPU = Debug|Any CPU
		Release|Any CPU = Release|Any CPU
	EndGlobalSection
	GlobalSection(ProjectConfigurationPlatforms) = postSolution
		{35E9EE75-2C65-423F-AD18-6568C6AF73D9}.Debug|Any CPU.ActiveCfg = Debug|Any CPU
		{35E9EE75-2C65-423F-AD18-6568C6AF73D9}.Debug|Any CPU.Build.0 = Debug|Any CPU
		{35E9EE75-2C65-423F-AD18-6568C6AF73D9}.Release|Any CPU.ActiveCfg = Release|Any CPU
		{35E9EE75-2C65-423F-AD18-6568C6AF73D9}.Release|Any CPU.Build.0 = Release|Any CPU
	EndGlobalSection
	GlobalSection(SolutionProperties) = preSolution
		HideSolutionNode = FALSE
	EndGlobalSection
	GlobalSection(ExtensibilityGlobals) = postSolution
		SolutionGuid = {50B6A3DA-B75F-47D1-B474-7794FBC32B10}
	EndGlobalSection
EndGlobal
